
Microsoft Visual Studio Solution File, Format Version 12.00
# Visual Studio Version 16
VisualStudioVersion = 16.0.31005.135
MinimumVisualStudioVersion = 10.0.40219.1
Project("{FAE04EC0-301F-11D3-BF4B-00C04F79EFBC}") = "FRUTERIA", "FRUTERIA\FRUTERIA.csproj", "{816FF1E8-A4AE-4C83-8360-B502F4CA5293}"
EndProject
Global
	GlobalSection(SolutionConfigurationPlatforms) = preSolution
		Debug|Any CPU = Debug|Any CPU
		Release|Any CPU = Release|Any CPU
	EndGlobalSection
	GlobalSection(ProjectConfigurationPlatforms) = postSolution
		{816FF1E8-A4AE-4C83-8360-B502F4CA5293}.Debug|Any CPU.ActiveCfg = Debug|Any CPU
		{816FF1E8-A4AE-4C83-8360-B502F4CA5293}.Debug|Any CPU.Build.0 = Debug|Any CPU
		{816FF1E8-A4AE-4C83-8360-B502F4CA5293}.Release|Any CPU.ActiveCfg = Release|Any CPU
		{816FF1E8-A4AE-4C83-8360-B502F4CA5293}.Release|Any CPU.Build.0 = Release|Any CPU
	EndGlobalSection
	GlobalSection(SolutionProperties) = preSolution
		HideSolutionNode = FALSE
	EndGlobalSection
	GlobalSection(ExtensibilityGlobals) = postSolution
		SolutionGuid = {538E791E-0754-4D27-9164-E196BADECEE1}
	EndGlobalSection
EndGlobal
